{
  "nodes": {
    "fenix": {
      "inputs": {
        "nixpkgs": [
          "nixpkgs"
        ],
        "rust-analyzer-src": "rust-analyzer-src"
      },
      "locked": {
        "lastModified": 1763016383,
        "narHash": "sha256-eYmo7FNvm3q08iROzwIi8i9dWuUbJJl3uLR3OLnSmdI=",
        "owner": "nix-community",
        "repo": "fenix",
        "rev": "0fad5c0e5c531358e7174cd666af4608f08bc3ba",
        "type": "github"
      },
      "original": {
        "owner": "nix-community",
        "repo": "fenix",
        "type": "github"
      }
    },
    "flake-utils": {
      "inputs": {
        "systems": "systems"
      },
      "locked": {
        "lastModified": 1731533236,
        "narHash": "sha256-l0KFg5HjrsfsO/JpG+r7fRrqm12kzFHyUHqHCVpMMbI=",
        "owner": "numtide",
        "repo": "flake-utils",
        "rev": "11707dc2f618dd54ca8739b309ec4fc024de578b",
        "type": "github"
      },
      "original": {
        "owner": "numtide",
        "repo": "flake-utils",
        "type": "github"
      }
    },
    "gomod2nix": {
      "inputs": {
        "flake-utils": [
          "psgen",
          "flake-utils"
        ],
        "nixpkgs": [
          "psgen",
          "nixpkgs"
        ]
      },
      "locked": {
        "lastModified": 1750314194,
        "narHash": "sha256-SjpXWEeB+UIMzuCAF94PuyAXpJdnBLF45JvI6o4wKIU=",
        "owner": "tweag",
        "repo": "gomod2nix",
        "rev": "a5f75f563748599d448a4a076816041d7b0fc07e",
        "type": "github"
      },
      "original": {
        "owner": "tweag",
        "repo": "gomod2nix",
        "type": "github"
      }
    },
    "lowrisc-nix": {
      "inputs": {
        "flake-utils": [
          "flake-utils"
        ],
        "nixpkgs": [
          "nixpkgs"
        ]
      },
      "locked": {
        "lastModified": 1762696003,
        "narHash": "sha256-6z3nkB2NpIrG7PP4W1lM681+GIuaNRVz3/gATkm28Cs=",
        "owner": "lowrisc",
        "repo": "lowrisc-nix",
        "rev": "79ae9b1a598b9247a59b44aa98cf4c237d808eb4",
        "type": "github"
      },
      "original": {
        "owner": "lowrisc",
        "repo": "lowrisc-nix",
        "type": "github"
      }
    },
    "lowrisc-nix-private": {
      "inputs": {
        "nixpkgs": [
          "nixpkgs"
        ]
      },
      "locked": {
        "lastModified": 1744886009,
        "narHash": "sha256-daNIb1m/+E7z8Pl3DrqQ5pKh/FIXi4+4e2erLoVSvsI=",
        "ref": "refs/heads/main",
        "rev": "0a7fa02ff7677d502b20e142c35ea56ccbab4fe4",
        "revCount": 5,
        "type": "git",
        "url": "ssh://git@github.com/lowRISC/lowrisc-nix-private.git"
      },
      "original": {
        "type": "git",
        "url": "ssh://git@github.com/lowRISC/lowrisc-nix-private.git"
      }
    },
    "lowrisc_sail": {
      "flake": false,
      "locked": {
        "lastModified": 1755506511,
        "narHash": "sha256-b/34iN0OSXmKo5C1eUROTrfyQ21/2LGV09Al08WqDig=",
        "owner": "lowrisc",
        "repo": "sail",
        "rev": "99513016db9bf5287650f01885d56957ae104c97",
        "type": "github"
      },
      "original": {
        "owner": "lowrisc",
        "ref": "ast_translate",
        "repo": "sail",
        "type": "github"
      }
    },
    "lowrisc_sail_riscv": {
      "flake": false,
      "locked": {
        "lastModified": 1722338144,
        "narHash": "sha256-ALWgTa/AxCnHJlK/RSZ6856xK2lwHc6CzHGtf4d8C0s=",
        "owner": "lowrisc",
        "repo": "sail-riscv",
        "rev": "81a266b6f65365b34180af7b91708265da653878",
        "type": "github"
      },
      "original": {
        "owner": "lowrisc",
        "ref": "81a266b6f65365b34180af7b91708265da653878",
        "repo": "sail-riscv",
        "type": "github"
      }
    },
    "lowrisc_yosys_slang": {
      "flake": false,
      "locked": {
        "lastModified": 1755705118,
        "narHash": "sha256-L7uvn4Bq/u9FQXfaVb3kB2RkNJeC6+7uNpF1n5rNf+o=",
        "ref": "formal",
        "rev": "32ecbc344ac4cfe898a32afaea0189f88f40cbb9",
        "revCount": 500,
        "submodules": true,
        "type": "git",
        "url": "https://github.com/mndstrmr/yosys-slang"
      },
      "original": {
        "ref": "formal",
        "submodules": true,
        "type": "git",
        "url": "https://github.com/mndstrmr/yosys-slang"
      }
    },
    "mkshell-minimal": {
      "locked": {
        "lastModified": 1700988624,
        "narHash": "sha256-KJyiF67zVYOBkNltKhJATfSj+gfRFX9dSFIWDEBy2nQ=",
        "owner": "viperML",
        "repo": "mkshell-minimal",
        "rev": "6b0868be06da900b5fe6ece05616b84e3cbd7944",
        "type": "github"
      },
      "original": {
        "owner": "viperML",
        "repo": "mkshell-minimal",
        "type": "github"
      }
    },
    "nixpkgs": {
      "locked": {
        "lastModified": 1763049705,
        "narHash": "sha256-A5LS0AJZ1yDPTa2fHxufZN++n8MCmtgrJDtxFxrH4S8=",
        "owner": "NixOS",
        "repo": "nixpkgs",
        "rev": "3acb677ea67d4c6218f33de0db0955f116b7588c",
        "type": "github"
      },
      "original": {
        "owner": "NixOS",
        "ref": "nixos-25.05",
        "repo": "nixpkgs",
        "type": "github"
      }
    },
    "nixpkgs_2": {
      "locked": {
        "lastModified": 1725103162,
        "narHash": "sha256-Ym04C5+qovuQDYL/rKWSR+WESseQBbNAe5DsXNx5trY=",
        "owner": "nixos",
        "repo": "nixpkgs",
        "rev": "12228ff1752d7b7624a54e9c1af4b222b3c1073b",
        "type": "github"
      },
      "original": {
        "owner": "nixos",
        "ref": "nixos-unstable",
        "repo": "nixpkgs",
        "type": "github"
      }
    },
    "psgen": {
      "inputs": {
        "flake-utils": [
          "flake-utils"
        ],
        "gomod2nix": "gomod2nix",
        "nixpkgs": [
          "nixpkgs"
        ]
      },
      "locked": {
        "lastModified": 1754386443,
        "narHash": "sha256-wJmFiXg8aEaSZu1LDV7nIE1JVBzkO5tXL1rz7uYm6DI=",
        "owner": "mndstrmr",
        "repo": "psgen",
        "rev": "dbf67e445c6978bffbf75f0dea0abf2b264e616a",
        "type": "github"
      },
      "original": {
        "owner": "mndstrmr",
        "repo": "psgen",
        "type": "github"
      }
    },
    "pyproject-build-systems": {
      "inputs": {
        "nixpkgs": [
          "nixpkgs"
        ],
        "pyproject-nix": [
          "pyproject-nix"
        ],
        "uv2nix": [
          "uv2nix"
        ]
      },
      "locked": {
        "lastModified": 1761781027,
        "narHash": "sha256-YDvxPAm2WnxrznRqWwHLjryBGG5Ey1ATEJXrON+TWt8=",
        "owner": "pyproject-nix",
        "repo": "build-system-pkgs",
        "rev": "795a980d25301e5133eca37adae37283ec3c8e66",
        "type": "github"
      },
      "original": {
        "owner": "pyproject-nix",
        "repo": "build-system-pkgs",
        "type": "github"
      }
    },
    "pyproject-nix": {
      "inputs": {
        "nixpkgs": [
          "nixpkgs"
        ]
      },
      "locked": {
        "lastModified": 1763017646,
        "narHash": "sha256-Z+R2lveIp6Skn1VPH3taQIuMhABg1IizJd8oVdmdHsQ=",
        "owner": "pyproject-nix",
        "repo": "pyproject.nix",
        "rev": "47bd6f296502842643078d66128f7b5e5370790c",
        "type": "github"
      },
      "original": {
        "owner": "pyproject-nix",
        "repo": "pyproject.nix",
        "type": "github"
      }
    },
    "root": {
      "inputs": {
        "fenix": "fenix",
        "flake-utils": "flake-utils",
        "lowrisc-nix": "lowrisc-nix",
        "lowrisc-nix-private": "lowrisc-nix-private",
        "lowrisc_sail": "lowrisc_sail",
        "lowrisc_sail_riscv": "lowrisc_sail_riscv",
        "lowrisc_yosys_slang": "lowrisc_yosys_slang",
        "mkshell-minimal": "mkshell-minimal",
        "nixpkgs": "nixpkgs",
        "psgen": "psgen",
        "pyproject-build-systems": "pyproject-build-systems",
        "pyproject-nix": "pyproject-nix",
        "sv2v": "sv2v",
        "uv2nix": "uv2nix",
        "uv2nix_hammer_overrides": "uv2nix_hammer_overrides"
      }
    },
    "rust-analyzer-src": {
      "flake": false,
      "locked": {
        "lastModified": 1762860488,
        "narHash": "sha256-rMfWMCOo/pPefM2We0iMBLi2kLBAnYoB9thi4qS7uk4=",
        "owner": "rust-lang",
        "repo": "rust-analyzer",
        "rev": "2efc80078029894eec0699f62ec8d5c1a56af763",
        "type": "github"
      },
      "original": {
        "owner": "rust-lang",
        "ref": "nightly",
        "repo": "rust-analyzer",
        "type": "github"
      }
    },
    "sv2v": {
      "flake": false,
      "locked": {
        "lastModified": 1762049074,
        "narHash": "sha256-CuSZbeni/9lLODt6i6ltjMgzjcsGnDmBS0GBiuz83P8=",
        "owner": "zachjs",
        "repo": "sv2v",
        "rev": "c1ce7d067b0a7edf8d1589dcb5731265c854c490",
        "type": "github"
      },
      "original": {
        "owner": "zachjs",
        "repo": "sv2v",
        "type": "github"
      }
    },
    "systems": {
      "locked": {
        "lastModified": 1681028828,
        "narHash": "sha256-Vy1rq5AaRuLzOxct8nz4T6wlgyUR7zLU309k9mBC768=",
        "owner": "nix-systems",
        "repo": "default",
        "rev": "da67096a3b9bf56a91d16901293e51ba5b49a27e",
        "type": "github"
      },
      "original": {
        "owner": "nix-systems",
        "repo": "default",
        "type": "github"
      }
    },
    "systems_2": {
      "locked": {
        "lastModified": 1681028828,
        "narHash": "sha256-Vy1rq5AaRuLzOxct8nz4T6wlgyUR7zLU309k9mBC768=",
        "owner": "nix-systems",
        "repo": "default",
        "rev": "da67096a3b9bf56a91d16901293e51ba5b49a27e",
        "type": "github"
      },
      "original": {
        "id": "systems",
        "type": "indirect"
      }
    },
    "treefmt-nix": {
      "inputs": {
        "nixpkgs": "nixpkgs_2"
      },
      "locked": {
        "lastModified": 1725271838,
        "narHash": "sha256-VcqxWT0O/gMaeWTTjf1r4MOyG49NaNxW4GHTO3xuThE=",
        "owner": "numtide",
        "repo": "treefmt-nix",
        "rev": "9fb342d14b69aefdf46187f6bb80a4a0d97007cd",
        "type": "github"
      },
      "original": {
        "owner": "numtide",
        "repo": "treefmt-nix",
        "type": "github"
      }
    },
    "uv2nix": {
      "inputs": {
        "nixpkgs": [
          "nixpkgs"
        ],
        "pyproject-nix": [
          "pyproject-nix"
        ]
      },
      "locked": {
        "lastModified": 1763017287,
        "narHash": "sha256-6mv/3f2v2ZDnL1PKy32kpaIfLfGBtGVBrqpFZCXzFzI=",
        "owner": "pyproject-nix",
        "repo": "uv2nix",
        "rev": "c8cf711802cb00b2e05d5c54d3486fce7bfc8f7c",
        "type": "github"
      },
      "original": {
        "owner": "pyproject-nix",
        "repo": "uv2nix",
        "type": "github"
      }
    },
    "uv2nix_hammer_overrides": {
      "inputs": {
        "nixpkgs": [
          "nixpkgs"
        ],
        "systems": "systems_2",
        "treefmt-nix": "treefmt-nix"
      },
      "locked": {
        "lastModified": 1752080735,
        "narHash": "sha256-jrxqssrqRK6I6V6wBt7rp4B/jIXIgQNsXXeV+yguuJs=",
        "owner": "TyberiusPrime",
        "repo": "uv2nix_hammer_overrides",
        "rev": "68d84fd911afa2383a1c1cb28712ca1d090a8c32",
        "type": "github"
      },
      "original": {
        "owner": "TyberiusPrime",
        "repo": "uv2nix_hammer_overrides",
        "type": "github"
      }
    }
  },
  "root": "root",
  "version": 7
}
